
Microsoft Visual Studio Solution File, Format Version 12.00
# Visual Studio Version 17
VisualStudioVersion = 17.0.31903.59
MinimumVisualStudioVersion = 10.0.40219.1
Project("{FAE04EC0-301F-11D3-BF4B-00C04F79EFBC}") = "FcDriverFixer.Core", "FcDriverFixer.Core\FcDriverFixer.Core.csproj", "{931AA556-2E82-40E3-857A-98FC5A47C210}"
EndProject
Project("{FAE04EC0-301F-11D3-BF4B-00C04F79EFBC}") = "FcDriverFixer.Cli", "FcDriverFixer.Cli\FcDriverFixer.Cli.csproj", "{B5D352EE-3022-4C06-9BBA-48F204950AF6}"
EndProject
Project("{FAE04EC0-301F-11D3-BF4B-00C04F79EFBC}") = "FcDriverFixer.Wpf", "FcDriverFixer.Wpf\FcDriverFixer.Wpf.csproj", "{8FE0CEF5-277E-4B65-ABF3-CA4E0A6E8D24}"
EndProject
Global
	GlobalSection(SolutionConfigurationPlatforms) = preSolution
		Debug|Any CPU = Debug|Any CPU
		Release|Any CPU = Release|Any CPU
	EndGlobalSection
	GlobalSection(SolutionProperties) = preSolution
		HideSolutionNode = FALSE
	EndGlobalSection
	GlobalSection(ProjectConfigurationPlatforms) = postSolution
		{931AA556-2E82-40E3-857A-98FC5A47C210}.Debug|Any CPU.ActiveCfg = Debug|x64
		{931AA556-2E82-40E3-857A-98FC5A47C210}.Debug|Any CPU.Build.0 = Debug|x64
		{931AA556-2E82-40E3-857A-98FC5A47C210}.Release|Any CPU.ActiveCfg = Release|x64
		{931AA556-2E82-40E3-857A-98FC5A47C210}.Release|Any CPU.Build.0 = Release|x64
		{B5D352EE-3022-4C06-9BBA-48F204950AF6}.Debug|Any CPU.ActiveCfg = Debug|x64
		{B5D352EE-3022-4C06-9BBA-48F204950AF6}.Debug|Any CPU.Build.0 = Debug|x64
		{B5D352EE-3022-4C06-9BBA-48F204950AF6}.Release|Any CPU.ActiveCfg = Release|x64
		{B5D352EE-3022-4C06-9BBA-48F204950AF6}.Release|Any CPU.Build.0 = Release|x64
		{8FE0CEF5-277E-4B65-ABF3-CA4E0A6E8D24}.Debug|Any CPU.ActiveCfg = Debug|x64
		{8FE0CEF5-277E-4B65-ABF3-CA4E0A6E8D24}.Debug|Any CPU.Build.0 = Debug|x64
		{8FE0CEF5-277E-4B65-ABF3-CA4E0A6E8D24}.Release|Any CPU.ActiveCfg = Release|x64
		{8FE0CEF5-277E-4B65-ABF3-CA4E0A6E8D24}.Release|Any CPU.Build.0 = Release|x64
	EndGlobalSection
EndGlobal
